# This file was autogenerated by uv via the following command:
#    uv pip compile pyproject.toml --extra anthropic --extra openai --extra google --extra posters --python-version 3.12 --python-platform linux --output-file requirements.lock
alembic==1.18.5
    # via shortlist (pyproject.toml)
annotated-doc==0.0.4
    # via fastapi
annotated-types==0.8.0
    # via pydantic
anthropic==0.120.0
    # via shortlist (pyproject.toml)
anyio==4.14.2
    # via
    #   anthropic
    #   google-genai
    #   httpx
    #   openai
    #   starlette
apscheduler==3.11.3
    # via shortlist (pyproject.toml)
certifi==2026.7.22
    # via
    #   httpcore
    #   httpx
    #   requests
cffi==2.1.0
    # via cryptography
charset-normalizer==3.4.9
    # via requests
click==8.4.2
    # via uvicorn
cryptography==49.0.0
    # via
    #   shortlist (pyproject.toml)
    #   google-auth
distro==1.9.0
    # via
    #   anthropic
    #   google-genai
    #   openai
docstring-parser==0.18.0
    # via anthropic
fastapi==0.140.7
    # via shortlist (pyproject.toml)
google-auth==2.56.2
    # via google-genai
google-genai==2.14.0
    # via shortlist (pyproject.toml)
greenlet==3.5.4
    # via sqlalchemy
h11==0.16.0
    # via
    #   httpcore
    #   uvicorn
httpcore==1.0.9
    # via httpx
httpx==0.28.1
    # via
    #   shortlist (pyproject.toml)
    #   anthropic
    #   google-genai
    #   openai
idna==3.18
    # via
    #   anyio
    #   httpx
    #   requests
itsdangerous==2.2.0
    # via shortlist (pyproject.toml)
jiter==0.16.0
    # via
    #   anthropic
    #   openai
loguru==0.7.3
    # via shortlist (pyproject.toml)
mako==1.3.12
    # via alembic
markupsafe==3.0.3
    # via mako
openai==2.49.0
    # via shortlist (pyproject.toml)
pillow==12.3.0
    # via shortlist (pyproject.toml)
plexapi==4.18.2
    # via shortlist (pyproject.toml)
pyasn1==0.6.4
    # via pyasn1-modules
pyasn1-modules==0.4.2
    # via google-auth
pycparser==3.0
    # via cffi
pydantic==2.13.4
    # via
    #   shortlist (pyproject.toml)
    #   anthropic
    #   fastapi
    #   google-genai
    #   openai
pydantic-core==2.46.4
    # via pydantic
python-multipart==0.0.32
    # via shortlist (pyproject.toml)
requests==2.34.2
    # via
    #   google-auth
    #   google-genai
    #   plexapi
sniffio==1.3.1
    # via
    #   anthropic
    #   google-genai
    #   openai
sqlalchemy==2.0.51
    # via
    #   shortlist (pyproject.toml)
    #   alembic
starlette==1.3.1
    # via fastapi
tenacity==9.1.4
    # via google-genai
tqdm==4.70.0
    # via openai
typing-extensions==4.16.0
    # via
    #   alembic
    #   anthropic
    #   anyio
    #   fastapi
    #   google-genai
    #   openai
    #   pydantic
    #   pydantic-core
    #   sqlalchemy
    #   starlette
    #   typing-inspection
typing-inspection==0.4.2
    # via
    #   fastapi
    #   pydantic
tzlocal==5.4.4
    # via apscheduler
urllib3==2.7.0
    # via requests
uvicorn==0.51.0
    # via shortlist (pyproject.toml)
websockets==16.1.1
    # via google-genai
